
Microsoft Visual Studio Solution File, Format Version 12.00
# Visual Studio Version 17
VisualStudioVersion = 17.11.35431.28
MinimumVisualStudioVersion = 10.0.40219.1
Project("{FAE04EC0-301F-11D3-BF4B-00C04F79EFBC}") = "Learning.DataStructures", "Learning.DataStructures.csproj", "{16524B76-8217-439B-97D4-8896BAE6F509}"
EndProject
Global
	GlobalSection(SolutionConfigurationPlatforms) = preSolution
		Debug|Any CPU = Debug|Any CPU
		Release|Any CPU = Release|Any CPU
	EndGlobalSection
	GlobalSection(ProjectConfigurationPlatforms) = postSolution
		{16524B76-8217-439B-97D4-8896BAE6F509}.Debug|Any CPU.ActiveCfg = Debug|Any CPU
		{16524B76-8217-439B-97D4-8896BAE6F509}.Debug|Any CPU.Build.0 = Debug|Any CPU
		{16524B76-8217-439B-97D4-8896BAE6F509}.Release|Any CPU.ActiveCfg = Release|Any CPU
		{16524B76-8217-439B-97D4-8896BAE6F509}.Release|Any CPU.Build.0 = Release|Any CPU
	EndGlobalSection
	GlobalSection(SolutionProperties) = preSolution
		HideSolutionNode = FALSE
	EndGlobalSection
	GlobalSection(ExtensibilityGlobals) = postSolution
		SolutionGuid = {4258EBD1-5DFA-4D4B-88C5-109643697BDB}
	EndGlobalSection
EndGlobal
